
Microsoft Visual Studio Solution File, Format Version 12.00
# Visual Studio Version 17
VisualStudioVersion = 17.12.35707.178 d17.12
MinimumVisualStudioVersion = 10.0.40219.1
Project("{FAE04EC0-301F-11D3-BF4B-00C04F79EFBC}") = "Assignment 1", "Assignment 1\Assignment 1.csproj", "{BD77B505-36B3-4EF9-BB31-B6AB033DCFCF}"
EndProject
Global
	GlobalSection(SolutionConfigurationPlatforms) = preSolution
		Debug|Any CPU = Debug|Any CPU
		Release|Any CPU = Release|Any CPU
	EndGlobalSection
	GlobalSection(ProjectConfigurationPlatforms) = postSolution
		{BD77B505-36B3-4EF9-BB31-B6AB033DCFCF}.Debug|Any CPU.ActiveCfg = Debug|Any CPU
		{BD77B505-36B3-4EF9-BB31-B6AB033DCFCF}.Debug|Any CPU.Build.0 = Debug|Any CPU
		{BD77B505-36B3-4EF9-BB31-B6AB033DCFCF}.Release|Any CPU.ActiveCfg = Release|Any CPU
		{BD77B505-36B3-4EF9-BB31-B6AB033DCFCF}.Release|Any CPU.Build.0 = Release|Any CPU
	EndGlobalSection
	GlobalSection(SolutionProperties) = preSolution
		HideSolutionNode = FALSE
	EndGlobalSection
EndGlobal
